
Microsoft Visual Studio Solution File, Format Version 12.00
# Visual Studio Version 16
VisualStudioVersion = 16.0.30503.244
MinimumVisualStudioVersion = 10.0.40219.1
Project("{8BC9CEB8-8B4A-11D0-8D11-00A0C91BC942}") = "example18", "example18\example18.vcxproj", "{981C7412-8447-42A2-9D7E-818CC9CF10F2}"
EndProject
Global
	GlobalSection(SolutionConfigurationPlatforms) = preSolution
		Debug|x64 = Debug|x64
		Debug|x86 = Debug|x86
		Release|x64 = Release|x64
		Release|x86 = Release|x86
	EndGlobalSection
	GlobalSection(ProjectConfigurationPlatforms) = postSolution
		{981C7412-8447-42A2-9D7E-818CC9CF10F2}.Debug|x64.ActiveCfg = Debug|x64
		{981C7412-8447-42A2-9D7E-818CC9CF10F2}.Debug|x64.Build.0 = Debug|x64
		{981C7412-8447-42A2-9D7E-818CC9CF10F2}.Debug|x86.ActiveCfg = Debug|Win32
		{981C7412-8447-42A2-9D7E-818CC9CF10F2}.Debug|x86.Build.0 = Debug|Win32
		{981C7412-8447-42A2-9D7E-818CC9CF10F2}.Release|x64.ActiveCfg = Release|x64
		{981C7412-8447-42A2-9D7E-818CC9CF10F2}.Release|x64.Build.0 = Release|x64
		{981C7412-8447-42A2-9D7E-818CC9CF10F2}.Release|x86.ActiveCfg = Release|Win32
		{981C7412-8447-42A2-9D7E-818CC9CF10F2}.Release|x86.Build.0 = Release|Win32
	EndGlobalSection
	GlobalSection(SolutionProperties) = preSolution
		HideSolutionNode = FALSE
	EndGlobalSection
	GlobalSection(ExtensibilityGlobals) = postSolution
		SolutionGuid = {E6723703-CC2D-4DD5-BC20-1D92215EE6CE}
	EndGlobalSection
EndGlobal
