
Microsoft Visual Studio Solution File, Format Version 12.00
# Visual Studio Version 16
VisualStudioVersion = 16.0.30503.244
MinimumVisualStudioVersion = 10.0.40219.1
Project("{8BC9CEB8-8B4A-11D0-8D11-00A0C91BC942}") = "example33", "example33\example33.vcxproj", "{E4A59072-8FE0-4BD5-AFFE-63B5889CB92A}"
EndProject
Global
	GlobalSection(SolutionConfigurationPlatforms) = preSolution
		Debug|x64 = Debug|x64
		Debug|x86 = Debug|x86
		Release|x64 = Release|x64
		Release|x86 = Release|x86
	EndGlobalSection
	GlobalSection(ProjectConfigurationPlatforms) = postSolution
		{E4A59072-8FE0-4BD5-AFFE-63B5889CB92A}.Debug|x64.ActiveCfg = Debug|x64
		{E4A59072-8FE0-4BD5-AFFE-63B5889CB92A}.Debug|x64.Build.0 = Debug|x64
		{E4A59072-8FE0-4BD5-AFFE-63B5889CB92A}.Debug|x86.ActiveCfg = Debug|Win32
		{E4A59072-8FE0-4BD5-AFFE-63B5889CB92A}.Debug|x86.Build.0 = Debug|Win32
		{E4A59072-8FE0-4BD5-AFFE-63B5889CB92A}.Release|x64.ActiveCfg = Release|x64
		{E4A59072-8FE0-4BD5-AFFE-63B5889CB92A}.Release|x64.Build.0 = Release|x64
		{E4A59072-8FE0-4BD5-AFFE-63B5889CB92A}.Release|x86.ActiveCfg = Release|Win32
		{E4A59072-8FE0-4BD5-AFFE-63B5889CB92A}.Release|x86.Build.0 = Release|Win32
	EndGlobalSection
	GlobalSection(SolutionProperties) = preSolution
		HideSolutionNode = FALSE
	EndGlobalSection
	GlobalSection(ExtensibilityGlobals) = postSolution
		SolutionGuid = {406091DF-6446-43E4-8DD0-DE5B40A86EC4}
	EndGlobalSection
EndGlobal
