
Microsoft Visual Studio Solution File, Format Version 12.00
# Visual Studio Version 16
VisualStudioVersion = 16.0.30503.244
MinimumVisualStudioVersion = 10.0.40219.1
Project("{8BC9CEB8-8B4A-11D0-8D11-00A0C91BC942}") = "exanple3", "exanple3\exanple3.vcxproj", "{F672EDC6-D869-4A14-8562-C2978C23292D}"
EndProject
Global
	GlobalSection(SolutionConfigurationPlatforms) = preSolution
		Debug|x64 = Debug|x64
		Debug|x86 = Debug|x86
		Release|x64 = Release|x64
		Release|x86 = Release|x86
	EndGlobalSection
	GlobalSection(ProjectConfigurationPlatforms) = postSolution
		{F672EDC6-D869-4A14-8562-C2978C23292D}.Debug|x64.ActiveCfg = Debug|x64
		{F672EDC6-D869-4A14-8562-C2978C23292D}.Debug|x64.Build.0 = Debug|x64
		{F672EDC6-D869-4A14-8562-C2978C23292D}.Debug|x86.ActiveCfg = Debug|Win32
		{F672EDC6-D869-4A14-8562-C2978C23292D}.Debug|x86.Build.0 = Debug|Win32
		{F672EDC6-D869-4A14-8562-C2978C23292D}.Release|x64.ActiveCfg = Release|x64
		{F672EDC6-D869-4A14-8562-C2978C23292D}.Release|x64.Build.0 = Release|x64
		{F672EDC6-D869-4A14-8562-C2978C23292D}.Release|x86.ActiveCfg = Release|Win32
		{F672EDC6-D869-4A14-8562-C2978C23292D}.Release|x86.Build.0 = Release|Win32
	EndGlobalSection
	GlobalSection(SolutionProperties) = preSolution
		HideSolutionNode = FALSE
	EndGlobalSection
	GlobalSection(ExtensibilityGlobals) = postSolution
		SolutionGuid = {03507A1B-F100-4C5F-B843-1B43664551F0}
	EndGlobalSection
EndGlobal
